
Microsoft Visual Studio Solution File, Format Version 12.00
# Visual Studio Version 17
VisualStudioVersion = 17.0.32112.339
MinimumVisualStudioVersion = 10.0.40219.1
Project("{8BC9CEB8-8B4A-11D0-8D11-00A0C91BC942}") = "EnumSinAmbito", "EnumSinAmbito\EnumSinAmbito.vcxproj", "{512034FA-4A83-418A-A85F-AA0C383A08BC}"
EndProject
Global
	GlobalSection(SolutionConfigurationPlatforms) = preSolution
		Debug|x64 = Debug|x64
		Debug|x86 = Debug|x86
		Release|x64 = Release|x64
		Release|x86 = Release|x86
	EndGlobalSection
	GlobalSection(ProjectConfigurationPlatforms) = postSolution
		{512034FA-4A83-418A-A85F-AA0C383A08BC}.Debug|x64.ActiveCfg = Debug|x64
		{512034FA-4A83-418A-A85F-AA0C383A08BC}.Debug|x64.Build.0 = Debug|x64
		{512034FA-4A83-418A-A85F-AA0C383A08BC}.Debug|x86.ActiveCfg = Debug|Win32
		{512034FA-4A83-418A-A85F-AA0C383A08BC}.Debug|x86.Build.0 = Debug|Win32
		{512034FA-4A83-418A-A85F-AA0C383A08BC}.Release|x64.ActiveCfg = Release|x64
		{512034FA-4A83-418A-A85F-AA0C383A08BC}.Release|x64.Build.0 = Release|x64
		{512034FA-4A83-418A-A85F-AA0C383A08BC}.Release|x86.ActiveCfg = Release|Win32
		{512034FA-4A83-418A-A85F-AA0C383A08BC}.Release|x86.Build.0 = Release|Win32
	EndGlobalSection
	GlobalSection(SolutionProperties) = preSolution
		HideSolutionNode = FALSE
	EndGlobalSection
	GlobalSection(ExtensibilityGlobals) = postSolution
		SolutionGuid = {2B6F861C-7DCF-4D05-9E71-07D485C3A15D}
	EndGlobalSection
EndGlobal
